
Microsoft Visual Studio Solution File, Format Version 12.00
# Visual Studio Version 17
VisualStudioVersion = 17.10.35013.160
MinimumVisualStudioVersion = 10.0.40219.1
Project("{FAE04EC0-301F-11D3-BF4B-00C04F79EFBC}") = "hw 4(4)", "hw 4(4).csproj", "{C471A04C-1465-420D-99C4-CD336DFD575E}"
EndProject
Global
	GlobalSection(SolutionConfigurationPlatforms) = preSolution
		Debug|Any CPU = Debug|Any CPU
		Release|Any CPU = Release|Any CPU
	EndGlobalSection
	GlobalSection(ProjectConfigurationPlatforms) = postSolution
		{C471A04C-1465-420D-99C4-CD336DFD575E}.Debug|Any CPU.ActiveCfg = Debug|Any CPU
		{C471A04C-1465-420D-99C4-CD336DFD575E}.Debug|Any CPU.Build.0 = Debug|Any CPU
		{C471A04C-1465-420D-99C4-CD336DFD575E}.Release|Any CPU.ActiveCfg = Release|Any CPU
		{C471A04C-1465-420D-99C4-CD336DFD575E}.Release|Any CPU.Build.0 = Release|Any CPU
	EndGlobalSection
	GlobalSection(SolutionProperties) = preSolution
		HideSolutionNode = FALSE
	EndGlobalSection
	GlobalSection(ExtensibilityGlobals) = postSolution
		SolutionGuid = {83B08335-23F6-4969-8010-F02B75B5BA5A}
	EndGlobalSection
EndGlobal
