
Microsoft Visual Studio Solution File, Format Version 12.00
# Visual Studio Version 17
VisualStudioVersion = 17.10.35013.160
MinimumVisualStudioVersion = 10.0.40219.1
Project("{FAE04EC0-301F-11D3-BF4B-00C04F79EFBC}") = "hw 1", "hw 1.csproj", "{508CFECE-ABDD-4ACB-820D-39E4BB80F45D}"
EndProject
Global
	GlobalSection(SolutionConfigurationPlatforms) = preSolution
		Debug|Any CPU = Debug|Any CPU
		Release|Any CPU = Release|Any CPU
	EndGlobalSection
	GlobalSection(ProjectConfigurationPlatforms) = postSolution
		{508CFECE-ABDD-4ACB-820D-39E4BB80F45D}.Debug|Any CPU.ActiveCfg = Debug|Any CPU
		{508CFECE-ABDD-4ACB-820D-39E4BB80F45D}.Debug|Any CPU.Build.0 = Debug|Any CPU
		{508CFECE-ABDD-4ACB-820D-39E4BB80F45D}.Release|Any CPU.ActiveCfg = Release|Any CPU
		{508CFECE-ABDD-4ACB-820D-39E4BB80F45D}.Release|Any CPU.Build.0 = Release|Any CPU
	EndGlobalSection
	GlobalSection(SolutionProperties) = preSolution
		HideSolutionNode = FALSE
	EndGlobalSection
	GlobalSection(ExtensibilityGlobals) = postSolution
		SolutionGuid = {F0B5260C-9D41-46E6-B102-B409900E8B2B}
	EndGlobalSection
EndGlobal
