
Microsoft Visual Studio Solution File, Format Version 12.00
# Visual Studio Version 17
VisualStudioVersion = 17.10.35013.160
MinimumVisualStudioVersion = 10.0.40219.1
Project("{FAE04EC0-301F-11D3-BF4B-00C04F79EFBC}") = "hw 4(1)", "hw 4(1).csproj", "{43A7243B-CB8F-4482-9844-FEC2C982DD0A}"
EndProject
Global
	GlobalSection(SolutionConfigurationPlatforms) = preSolution
		Debug|Any CPU = Debug|Any CPU
		Release|Any CPU = Release|Any CPU
	EndGlobalSection
	GlobalSection(ProjectConfigurationPlatforms) = postSolution
		{43A7243B-CB8F-4482-9844-FEC2C982DD0A}.Debug|Any CPU.ActiveCfg = Debug|Any CPU
		{43A7243B-CB8F-4482-9844-FEC2C982DD0A}.Debug|Any CPU.Build.0 = Debug|Any CPU
		{43A7243B-CB8F-4482-9844-FEC2C982DD0A}.Release|Any CPU.ActiveCfg = Release|Any CPU
		{43A7243B-CB8F-4482-9844-FEC2C982DD0A}.Release|Any CPU.Build.0 = Release|Any CPU
	EndGlobalSection
	GlobalSection(SolutionProperties) = preSolution
		HideSolutionNode = FALSE
	EndGlobalSection
	GlobalSection(ExtensibilityGlobals) = postSolution
		SolutionGuid = {81481D9D-2E48-444E-B79D-5347904ADBB0}
	EndGlobalSection
EndGlobal
